
Microsoft Visual Studio Solution File, Format Version 12.00
# Visual Studio 2017
Project("{FAE04EC0-301F-11D3-BF4B-00C04F79EFBC}") = "Enefarm", "Enefarm.csproj", "{A97BA138-C37C-8935-3D39-594A7F42838D}"
EndProject
Project("{FAE04EC0-301F-11D3-BF4B-00C04F79EFBC}") = "Enefarm.Editor", "Enefarm.Editor.csproj", "{78CF86B8-9300-7BB1-6495-0F5C8D627F9A}"
EndProject
Global
	GlobalSection(SolutionConfigurationPlatforms) = preSolution
		Debug|Any CPU = Debug|Any CPU
		Release|Any CPU = Release|Any CPU
	EndGlobalSection
	GlobalSection(ProjectConfigurationPlatforms) = postSolution
		{A97BA138-C37C-8935-3D39-594A7F42838D}.Debug|Any CPU.ActiveCfg = Debug|Any CPU
		{A97BA138-C37C-8935-3D39-594A7F42838D}.Debug|Any CPU.Build.0 = Debug|Any CPU
		{A97BA138-C37C-8935-3D39-594A7F42838D}.Release|Any CPU.ActiveCfg = Release|Any CPU
		{A97BA138-C37C-8935-3D39-594A7F42838D}.Release|Any CPU.Build.0 = Release|Any CPU
		{78CF86B8-9300-7BB1-6495-0F5C8D627F9A}.Debug|Any CPU.ActiveCfg = Debug|Any CPU
		{78CF86B8-9300-7BB1-6495-0F5C8D627F9A}.Debug|Any CPU.Build.0 = Debug|Any CPU
		{78CF86B8-9300-7BB1-6495-0F5C8D627F9A}.Release|Any CPU.ActiveCfg = Release|Any CPU
		{78CF86B8-9300-7BB1-6495-0F5C8D627F9A}.Release|Any CPU.Build.0 = Release|Any CPU
	EndGlobalSection
	GlobalSection(SolutionProperties) = preSolution
		HideSolutionNode = FALSE
	EndGlobalSection
EndGlobal
